
Microsoft Visual Studio Solution File, Format Version 12.00
# Visual Studio Version 17
VisualStudioVersion = 17.14.36623.8 d17.14
MinimumVisualStudioVersion = 10.0.40219.1
Project("{FAE04EC0-301F-11D3-BF4B-00C04F79EFBC}") = "blazor-wasm-ui", "blazor-wasm-ui\blazor-wasm-ui.csproj", "{F53D1568-9133-414E-B066-68B802B0D139}"
EndProject
Global
	GlobalSection(SolutionConfigurationPlatforms) = preSolution
		Debug|Any CPU = Debug|Any CPU
		Release|Any CPU = Release|Any CPU
	EndGlobalSection
	GlobalSection(ProjectConfigurationPlatforms) = postSolution
		{F53D1568-9133-414E-B066-68B802B0D139}.Debug|Any CPU.ActiveCfg = Debug|Any CPU
		{F53D1568-9133-414E-B066-68B802B0D139}.Debug|Any CPU.Build.0 = Debug|Any CPU
		{F53D1568-9133-414E-B066-68B802B0D139}.Release|Any CPU.ActiveCfg = Release|Any CPU
		{F53D1568-9133-414E-B066-68B802B0D139}.Release|Any CPU.Build.0 = Release|Any CPU
	EndGlobalSection
	GlobalSection(SolutionProperties) = preSolution
		HideSolutionNode = FALSE
	EndGlobalSection
	GlobalSection(ExtensibilityGlobals) = postSolution
		SolutionGuid = {391EF574-99ED-48CD-A9AE-2C1D8A9FE381}
	EndGlobalSection
EndGlobal
